// !$*UTF8*$!
{
	archiveVersion = 1;
	classes = {
	};
	objectVersion = 56;
	objects = {

/* Begin PBXBuildFile section */
		14F7D9732FFF7A520047853B /* UIColor+KK.swift in Sources */ = {isa = PBXBuildFile; fileRef = 14F7D9722FFF7A520047853B /* UIColor+KK.swift */; };
		14F7D9B53000AA0C0047853B /* FriendMapper.swift in Sources */ = {isa = PBXBuildFile; fileRef = 14F7D9A93000AA0C0047853B /* FriendMapper.swift */; };
		14F7D9B63000AA0C0047853B /* APIClient.swift in Sources */ = {isa = PBXBuildFile; fileRef = 14F7D9AC3000AA0C0047853B /* APIClient.swift */; };
		14F7D9B83000AA0C0047853B /* UserMapper.swift in Sources */ = {isa = PBXBuildFile; fileRef = 14F7D9AA3000AA0C0047853B /* UserMapper.swift */; };
		14F7D9BC3000AA0C0047853B /* FriendCoreData.swift in Sources */ = {isa = PBXBuildFile; fileRef = 14F7D9A63000AA0C0047853B /* FriendCoreData.swift */; };
		14F7D9BE3000AA0C0047853B /* FriendDTO.swift in Sources */ = {isa = PBXBuildFile; fileRef = 14F7D99D3000AA0C0047853B /* FriendDTO.swift */; };
		14F7D9C03000AA0C0047853B /* UserAPI.swift in Sources */ = {isa = PBXBuildFile; fileRef = 14F7D9AF3000AA0C0047853B /* UserAPI.swift */; };
		14F7D9C13000AA0C0047853B /* UserCoreData.swift in Sources */ = {isa = PBXBuildFile; fileRef = 14F7D9A73000AA0C0047853B /* UserCoreData.swift */; };
		14F7D9C23000AA0C0047853B /* FriendRepository.swift in Sources */ = {isa = PBXBuildFile; fileRef = 14F7D9B13000AA0C0047853B /* FriendRepository.swift */; };
		14F7D9C33000AA0C0047853B /* FriendCacheKey.swift in Sources */ = {isa = PBXBuildFile; fileRef = 14F7D9A53000AA0C0047853B /* FriendCacheKey.swift */; };
		14F7D9C43000AA0C0047853B /* UserRepository.swift in Sources */ = {isa = PBXBuildFile; fileRef = 14F7D9B23000AA0C0047853B /* UserRepository.swift */; };
		14F7D9C63000AA0C0047853B /* FriendAPI.swift in Sources */ = {isa = PBXBuildFile; fileRef = 14F7D9AE3000AA0C0047853B /* FriendAPI.swift */; };
		14F7D9C73000AA0C0047853B /* Endpoint.swift in Sources */ = {isa = PBXBuildFile; fileRef = 14F7D9AD3000AA0C0047853B /* Endpoint.swift */; };
		14F7D9C83000AA0C0047853B /* CoreDataManager.swift in Sources */ = {isa = PBXBuildFile; fileRef = 14F7D9A43000AA0C0047853B /* CoreDataManager.swift */; };
		14F7D9C93000AA0C0047853B /* UserDTO.swift in Sources */ = {isa = PBXBuildFile; fileRef = 14F7D99E3000AA0C0047853B /* UserDTO.swift */; };
		14F7D9D53000AA300047853B /* GetFriendListUseCase.swift in Sources */ = {isa = PBXBuildFile; fileRef = 14F7D9D13000AA300047853B /* GetFriendListUseCase.swift */; };
		14F7D9D63000AA300047853B /* Friend.swift in Sources */ = {isa = PBXBuildFile; fileRef = 14F7D9CA3000AA300047853B /* Friend.swift */; };
		14F7D9D73000AA300047853B /* FriendSorter.swift in Sources */ = {isa = PBXBuildFile; fileRef = 14F7D9D03000AA300047853B /* FriendSorter.swift */; };
		14F7D9D83000AA300047853B /* GetUserUseCase.swift in Sources */ = {isa = PBXBuildFile; fileRef = 14F7D9D23000AA300047853B /* GetUserUseCase.swift */; };
		14F7D9D93000AA300047853B /* User.swift in Sources */ = {isa = PBXBuildFile; fileRef = 14F7D9CD3000AA300047853B /* User.swift */; };
		14F7D9DA3000AA300047853B /* FriendMerger.swift in Sources */ = {isa = PBXBuildFile; fileRef = 14F7D9CF3000AA300047853B /* FriendMerger.swift */; };
		14F7D9DB3000AA300047853B /* FriendScenario.swift in Sources */ = {isa = PBXBuildFile; fileRef = 14F7D9CC3000AA300047853B /* FriendScenario.swift */; };
		14F7D9DC3000AA300047853B /* FriendListResult.swift in Sources */ = {isa = PBXBuildFile; fileRef = 14F7D9CB3000AA300047853B /* FriendListResult.swift */; };
		14F7D9F63000AE420047853B /* FriendListView.swift in Sources */ = {isa = PBXBuildFile; fileRef = 14F7D9EC3000AE420047853B /* FriendListView.swift */; };
		14F7D9F73000AE420047853B /* ScenarioViewController.swift in Sources */ = {isa = PBXBuildFile; fileRef = 14F7D9F13000AE420047853B /* ScenarioViewController.swift */; };
		14F7D9F83000AE420047853B /* FriendListViewController.swift in Sources */ = {isa = PBXBuildFile; fileRef = 14F7D9EF3000AE420047853B /* FriendListViewController.swift */; };
		14F7D9F93000AE420047853B /* KKAvatarView.swift in Sources */ = {isa = PBXBuildFile; fileRef = 14F7D9E73000AE420047853B /* KKAvatarView.swift */; };
		14F7D9FA3000AE420047853B /* InvitationHeaderView.swift in Sources */ = {isa = PBXBuildFile; fileRef = 14F7D9ED3000AE420047853B /* InvitationHeaderView.swift */; };
		14F7D9FB3000AE420047853B /* FriendListViewModel.swift in Sources */ = {isa = PBXBuildFile; fileRef = 14F7D9F33000AE420047853B /* FriendListViewModel.swift */; };
		14F7D9FC3000AE420047853B /* FriendCell.swift in Sources */ = {isa = PBXBuildFile; fileRef = 14F7D9E33000AE420047853B /* FriendCell.swift */; };
		14F7D9FD3000AE420047853B /* MainTabBarController.swift in Sources */ = {isa = PBXBuildFile; fileRef = 14F7D9F03000AE420047853B /* MainTabBarController.swift */; };
		14F7D9FE3000AE420047853B /* EmptyFriendView.swift in Sources */ = {isa = PBXBuildFile; fileRef = 14F7D9EB3000AE420047853B /* EmptyFriendView.swift */; };
		14F7D9FF3000AE420047853B /* InvitationCell.swift in Sources */ = {isa = PBXBuildFile; fileRef = 14F7D9E43000AE420047853B /* InvitationCell.swift */; };
		14F7DA043000B5180047853B /* FriendMapperTests.swift in Sources */ = {isa = PBXBuildFile; fileRef = 14F7DA003000B5180047853B /* FriendMapperTests.swift */; };
		14F7DA053000B5180047853B /* FriendRepositoryTests.swift in Sources */ = {isa = PBXBuildFile; fileRef = 14F7DA013000B5180047853B /* FriendRepositoryTests.swift */; };
		14F7DA063000B5180047853B /* UserRepositoryTests.swift in Sources */ = {isa = PBXBuildFile; fileRef = 14F7DA023000B5180047853B /* UserRepositoryTests.swift */; };
		14F7DA0C3000B52A0047853B /* GetFriendListUseCaseTests.swift in Sources */ = {isa = PBXBuildFile; fileRef = 14F7DA093000B52A0047853B /* GetFriendListUseCaseTests.swift */; };
		14F7DA0D3000B52A0047853B /* FriendMergerTests.swift in Sources */ = {isa = PBXBuildFile; fileRef = 14F7DA073000B52A0047853B /* FriendMergerTests.swift */; };
		14F7DA0E3000B52A0047853B /* GetUserUseCaseTests.swift in Sources */ = {isa = PBXBuildFile; fileRef = 14F7DA0A3000B52A0047853B /* GetUserUseCaseTests.swift */; };
		14F7DA0F3000B52A0047853B /* FriendSorterTests.swift in Sources */ = {isa = PBXBuildFile; fileRef = 14F7DA083000B52A0047853B /* FriendSorterTests.swift */; };
		14F7DA133000B53C0047853B /* MockDomainLayer.swift in Sources */ = {isa = PBXBuildFile; fileRef = 14F7DA113000B53C0047853B /* MockDomainLayer.swift */; };
		14F7DA143000B53C0047853B /* MockDataLayer.swift in Sources */ = {isa = PBXBuildFile; fileRef = 14F7DA103000B53C0047853B /* MockDataLayer.swift */; };
		14F7DA173000B54D0047853B /* FriendListViewModelTests.swift in Sources */ = {isa = PBXBuildFile; fileRef = 14F7DA153000B54D0047853B /* FriendListViewModelTests.swift */; };
		AA80000000000000000001AA /* AppDelegate.swift in Sources */ = {isa = PBXBuildFile; fileRef = AA70000000000000000001AA /* AppDelegate.swift */; };
		AA80000000000000000002AA /* SceneDelegate.swift in Sources */ = {isa = PBXBuildFile; fileRef = AA70000000000000000002AA /* SceneDelegate.swift */; };
		AA80000000000000000006AA /* DateParser.swift in Sources */ = {isa = PBXBuildFile; fileRef = AA70000000000000000006AA /* DateParser.swift */; };
		AA80000000000000000010AA /* Assets.xcassets in Resources */ = {isa = PBXBuildFile; fileRef = AA70000000000000000011AA /* Assets.xcassets */; };
		ABCD00013000AE420047853B /* FriendListViewState.swift in Sources */ = {isa = PBXBuildFile; fileRef = ABCD00023000AE420047853B /* FriendListViewState.swift */; };
		ABCD00033000AE420047853B /* FriendTableDataSource.swift in Sources */ = {isa = PBXBuildFile; fileRef = ABCD00043000AE420047853B /* FriendTableDataSource.swift */; };
		ABCD00063000AE420047853B /* FriendTableDelegate.swift in Sources */ = {isa = PBXBuildFile; fileRef = ABCD00073000AE420047853B /* FriendTableDelegate.swift */; };
		ABCD00083000B54D0047853B /* FriendTableDataSourceTests.swift in Sources */ = {isa = PBXBuildFile; fileRef = ABCD00093000B54D0047853B /* FriendTableDataSourceTests.swift */; };
/* End PBXBuildFile section */

/* Begin PBXContainerItemProxy section */
		AE0000000000000000000002 /* PBXContainerItemProxy */ = {
			isa = PBXContainerItemProxy;
			containerPortal = AA0000000000000000000001 /* Project object */;
			proxyType = 1;
			remoteGlobalIDString = BB0000000000000000000001;
			remoteInfo = KOKO;
		};
/* End PBXContainerItemProxy section */

/* Begin PBXFileReference section */
		14F7D9722FFF7A520047853B /* UIColor+KK.swift */ = {isa = PBXFileReference; lastKnownFileType = sourcecode.swift; path = "UIColor+KK.swift"; sourceTree = "<group>"; };
		14F7D99D3000AA0C0047853B /* FriendDTO.swift */ = {isa = PBXFileReference; lastKnownFileType = sourcecode.swift; path = FriendDTO.swift; sourceTree = "<group>"; };
		14F7D99E3000AA0C0047853B /* UserDTO.swift */ = {isa = PBXFileReference; lastKnownFileType = sourcecode.swift; path = UserDTO.swift; sourceTree = "<group>"; };
		14F7D9A43000AA0C0047853B /* CoreDataManager.swift */ = {isa = PBXFileReference; lastKnownFileType = sourcecode.swift; path = CoreDataManager.swift; sourceTree = "<group>"; };
		14F7D9A53000AA0C0047853B /* FriendCacheKey.swift */ = {isa = PBXFileReference; lastKnownFileType = sourcecode.swift; path = FriendCacheKey.swift; sourceTree = "<group>"; };
		14F7D9A63000AA0C0047853B /* FriendCoreData.swift */ = {isa = PBXFileReference; lastKnownFileType = sourcecode.swift; path = FriendCoreData.swift; sourceTree = "<group>"; };
		14F7D9A73000AA0C0047853B /* UserCoreData.swift */ = {isa = PBXFileReference; lastKnownFileType = sourcecode.swift; path = UserCoreData.swift; sourceTree = "<group>"; };
		14F7D9A93000AA0C0047853B /* FriendMapper.swift */ = {isa = PBXFileReference; lastKnownFileType = sourcecode.swift; path = FriendMapper.swift; sourceTree = "<group>"; };
		14F7D9AA3000AA0C0047853B /* UserMapper.swift */ = {isa = PBXFileReference; lastKnownFileType = sourcecode.swift; path = UserMapper.swift; sourceTree = "<group>"; };
		14F7D9AC3000AA0C0047853B /* APIClient.swift */ = {isa = PBXFileReference; lastKnownFileType = sourcecode.swift; path = APIClient.swift; sourceTree = "<group>"; };
		14F7D9AD3000AA0C0047853B /* Endpoint.swift */ = {isa = PBXFileReference; lastKnownFileType = sourcecode.swift; path = Endpoint.swift; sourceTree = "<group>"; };
		14F7D9AE3000AA0C0047853B /* FriendAPI.swift */ = {isa = PBXFileReference; lastKnownFileType = sourcecode.swift; path = FriendAPI.swift; sourceTree = "<group>"; };
		14F7D9AF3000AA0C0047853B /* UserAPI.swift */ = {isa = PBXFileReference; lastKnownFileType = sourcecode.swift; path = UserAPI.swift; sourceTree = "<group>"; };
		14F7D9B13000AA0C0047853B /* FriendRepository.swift */ = {isa = PBXFileReference; lastKnownFileType = sourcecode.swift; path = FriendRepository.swift; sourceTree = "<group>"; };
		14F7D9B23000AA0C0047853B /* UserRepository.swift */ = {isa = PBXFileReference; lastKnownFileType = sourcecode.swift; path = UserRepository.swift; sourceTree = "<group>"; };
		14F7D9CA3000AA300047853B /* Friend.swift */ = {isa = PBXFileReference; lastKnownFileType = sourcecode.swift; path = Friend.swift; sourceTree = "<group>"; };
		14F7D9CB3000AA300047853B /* FriendListResult.swift */ = {isa = PBXFileReference; lastKnownFileType = sourcecode.swift; path = FriendListResult.swift; sourceTree = "<group>"; };
		14F7D9CC3000AA300047853B /* FriendScenario.swift */ = {isa = PBXFileReference; lastKnownFileType = sourcecode.swift; path = FriendScenario.swift; sourceTree = "<group>"; };
		14F7D9CD3000AA300047853B /* User.swift */ = {isa = PBXFileReference; lastKnownFileType = sourcecode.swift; path = User.swift; sourceTree = "<group>"; };
		14F7D9CF3000AA300047853B /* FriendMerger.swift */ = {isa = PBXFileReference; lastKnownFileType = sourcecode.swift; path = FriendMerger.swift; sourceTree = "<group>"; };
		14F7D9D03000AA300047853B /* FriendSorter.swift */ = {isa = PBXFileReference; lastKnownFileType = sourcecode.swift; path = FriendSorter.swift; sourceTree = "<group>"; };
		14F7D9D13000AA300047853B /* GetFriendListUseCase.swift */ = {isa = PBXFileReference; lastKnownFileType = sourcecode.swift; path = GetFriendListUseCase.swift; sourceTree = "<group>"; };
		14F7D9D23000AA300047853B /* GetUserUseCase.swift */ = {isa = PBXFileReference; lastKnownFileType = sourcecode.swift; path = GetUserUseCase.swift; sourceTree = "<group>"; };
		14F7D9E33000AE420047853B /* FriendCell.swift */ = {isa = PBXFileReference; lastKnownFileType = sourcecode.swift; path = FriendCell.swift; sourceTree = "<group>"; };
		14F7D9E43000AE420047853B /* InvitationCell.swift */ = {isa = PBXFileReference; lastKnownFileType = sourcecode.swift; path = InvitationCell.swift; sourceTree = "<group>"; };
		14F7D9E73000AE420047853B /* KKAvatarView.swift */ = {isa = PBXFileReference; lastKnownFileType = sourcecode.swift; path = KKAvatarView.swift; sourceTree = "<group>"; };
		14F7D9EB3000AE420047853B /* EmptyFriendView.swift */ = {isa = PBXFileReference; lastKnownFileType = sourcecode.swift; path = EmptyFriendView.swift; sourceTree = "<group>"; };
		14F7D9EC3000AE420047853B /* FriendListView.swift */ = {isa = PBXFileReference; lastKnownFileType = sourcecode.swift; path = FriendListView.swift; sourceTree = "<group>"; };
		14F7D9ED3000AE420047853B /* InvitationHeaderView.swift */ = {isa = PBXFileReference; lastKnownFileType = sourcecode.swift; path = InvitationHeaderView.swift; sourceTree = "<group>"; };
		14F7D9EF3000AE420047853B /* FriendListViewController.swift */ = {isa = PBXFileReference; lastKnownFileType = sourcecode.swift; path = FriendListViewController.swift; sourceTree = "<group>"; };
		14F7D9F03000AE420047853B /* MainTabBarController.swift */ = {isa = PBXFileReference; lastKnownFileType = sourcecode.swift; path = MainTabBarController.swift; sourceTree = "<group>"; };
		14F7D9F13000AE420047853B /* ScenarioViewController.swift */ = {isa = PBXFileReference; lastKnownFileType = sourcecode.swift; path = ScenarioViewController.swift; sourceTree = "<group>"; };
		14F7D9F33000AE420047853B /* FriendListViewModel.swift */ = {isa = PBXFileReference; lastKnownFileType = sourcecode.swift; path = FriendListViewModel.swift; sourceTree = "<group>"; };
		14F7DA003000B5180047853B /* FriendMapperTests.swift */ = {isa = PBXFileReference; lastKnownFileType = sourcecode.swift; path = FriendMapperTests.swift; sourceTree = "<group>"; };
		14F7DA013000B5180047853B /* FriendRepositoryTests.swift */ = {isa = PBXFileReference; lastKnownFileType = sourcecode.swift; path = FriendRepositoryTests.swift; sourceTree = "<group>"; };
		14F7DA023000B5180047853B /* UserRepositoryTests.swift */ = {isa = PBXFileReference; lastKnownFileType = sourcecode.swift; path = UserRepositoryTests.swift; sourceTree = "<group>"; };
		14F7DA073000B52A0047853B /* FriendMergerTests.swift */ = {isa = PBXFileReference; lastKnownFileType = sourcecode.swift; path = FriendMergerTests.swift; sourceTree = "<group>"; };
		14F7DA083000B52A0047853B /* FriendSorterTests.swift */ = {isa = PBXFileReference; lastKnownFileType = sourcecode.swift; path = FriendSorterTests.swift; sourceTree = "<group>"; };
		14F7DA093000B52A0047853B /* GetFriendListUseCaseTests.swift */ = {isa = PBXFileReference; lastKnownFileType = sourcecode.swift; path = GetFriendListUseCaseTests.swift; sourceTree = "<group>"; };
		14F7DA0A3000B52A0047853B /* GetUserUseCaseTests.swift */ = {isa = PBXFileReference; lastKnownFileType = sourcecode.swift; path = GetUserUseCaseTests.swift; sourceTree = "<group>"; };
		14F7DA103000B53C0047853B /* MockDataLayer.swift */ = {isa = PBXFileReference; lastKnownFileType = sourcecode.swift; path = MockDataLayer.swift; sourceTree = "<group>"; };
		14F7DA113000B53C0047853B /* MockDomainLayer.swift */ = {isa = PBXFileReference; lastKnownFileType = sourcecode.swift; path = MockDomainLayer.swift; sourceTree = "<group>"; };
		14F7DA153000B54D0047853B /* FriendListViewModelTests.swift */ = {isa = PBXFileReference; lastKnownFileType = sourcecode.swift; path = FriendListViewModelTests.swift; sourceTree = "<group>"; };
		14F7DA183000B59A0047853B /* KOKO.xctestplan */ = {isa = PBXFileReference; lastKnownFileType = text; path = KOKO.xctestplan; sourceTree = "<group>"; };
		AA70000000000000000001AA /* AppDelegate.swift */ = {isa = PBXFileReference; lastKnownFileType = sourcecode.swift; path = AppDelegate.swift; sourceTree = "<group>"; };
		AA70000000000000000002AA /* SceneDelegate.swift */ = {isa = PBXFileReference; lastKnownFileType = sourcecode.swift; path = SceneDelegate.swift; sourceTree = "<group>"; };
		AA70000000000000000006AA /* DateParser.swift */ = {isa = PBXFileReference; lastKnownFileType = sourcecode.swift; path = DateParser.swift; sourceTree = "<group>"; };
		AA70000000000000000010AA /* Info.plist */ = {isa = PBXFileReference; lastKnownFileType = text.plist.xml; path = Info.plist; sourceTree = "<group>"; };
		AA70000000000000000011AA /* Assets.xcassets */ = {isa = PBXFileReference; lastKnownFileType = folder.assetcatalog; path = Assets.xcassets; sourceTree = "<group>"; };
		AA70000000000000000013AA /* Info.plist */ = {isa = PBXFileReference; lastKnownFileType = text.plist.xml; path = Info.plist; sourceTree = "<group>"; };
		ABCD00023000AE420047853B /* FriendListViewState.swift */ = {isa = PBXFileReference; lastKnownFileType = sourcecode.swift; path = FriendListViewState.swift; sourceTree = "<group>"; };
		ABCD00043000AE420047853B /* FriendTableDataSource.swift */ = {isa = PBXFileReference; lastKnownFileType = sourcecode.swift; path = FriendTableDataSource.swift; sourceTree = "<group>"; };
		ABCD00073000AE420047853B /* FriendTableDelegate.swift */ = {isa = PBXFileReference; lastKnownFileType = sourcecode.swift; path = FriendTableDelegate.swift; sourceTree = "<group>"; };
		ABCD00093000B54D0047853B /* FriendTableDataSourceTests.swift */ = {isa = PBXFileReference; lastKnownFileType = sourcecode.swift; path = FriendTableDataSourceTests.swift; sourceTree = "<group>"; };
		CC0000000000000000000001 /* KOKO.app */ = {isa = PBXFileReference; explicitFileType = wrapper.application; includeInIndex = 0; path = KOKO.app; sourceTree = BUILT_PRODUCTS_DIR; };
		CC0000000000000000000002 /* KOKOTests.xctest */ = {isa = PBXFileReference; explicitFileType = wrapper.cfbundle; includeInIndex = 0; path = KOKOTests.xctest; sourceTree = BUILT_PRODUCTS_DIR; };
/* End PBXFileReference section */

/* Begin PBXFrameworksBuildPhase section */
		AB0000000000000000000003 /* Frameworks */ = {
			isa = PBXFrameworksBuildPhase;
			buildActionMask = 2147483647;
			files = (
			);
			runOnlyForDeploymentPostprocessing = 0;
		};
		AB0000000000000000000006 /* Frameworks */ = {
			isa = PBXFrameworksBuildPhase;
			buildActionMask = 2147483647;
			files = (
			);
			runOnlyForDeploymentPostprocessing = 0;
		};
/* End PBXFrameworksBuildPhase section */

/* Begin PBXGroup section */
		14F7D9742FFF92750047853B /* Recovered References */ = {
			isa = PBXGroup;
			children = (
			);
			name = "Recovered References";
			sourceTree = "<group>";
		};
		14F7D99F3000AA0C0047853B /* DTO */ = {
			isa = PBXGroup;
			children = (
				14F7D99D3000AA0C0047853B /* FriendDTO.swift */,
				14F7D99E3000AA0C0047853B /* UserDTO.swift */,
			);
			path = DTO;
			sourceTree = "<group>";
		};
		14F7D9A83000AA0C0047853B /* LocalDataSource */ = {
			isa = PBXGroup;
			children = (
				14F7D9A43000AA0C0047853B /* CoreDataManager.swift */,
				14F7D9A53000AA0C0047853B /* FriendCacheKey.swift */,
				14F7D9A63000AA0C0047853B /* FriendCoreData.swift */,
				14F7D9A73000AA0C0047853B /* UserCoreData.swift */,
			);
			path = LocalDataSource;
			sourceTree = "<group>";
		};
		14F7D9AB3000AA0C0047853B /* Mappers */ = {
			isa = PBXGroup;
			children = (
				14F7D9A93000AA0C0047853B /* FriendMapper.swift */,
				14F7D9AA3000AA0C0047853B /* UserMapper.swift */,
			);
			path = Mappers;
			sourceTree = "<group>";
		};
		14F7D9B03000AA0C0047853B /* Network */ = {
			isa = PBXGroup;
			children = (
				14F7D9AC3000AA0C0047853B /* APIClient.swift */,
				14F7D9AD3000AA0C0047853B /* Endpoint.swift */,
				14F7D9AE3000AA0C0047853B /* FriendAPI.swift */,
				14F7D9AF3000AA0C0047853B /* UserAPI.swift */,
			);
			path = Network;
			sourceTree = "<group>";
		};
		14F7D9B33000AA0C0047853B /* Repositories */ = {
			isa = PBXGroup;
			children = (
				14F7D9B13000AA0C0047853B /* FriendRepository.swift */,
				14F7D9B23000AA0C0047853B /* UserRepository.swift */,
			);
			path = Repositories;
			sourceTree = "<group>";
		};
		14F7D9B43000AA0C0047853B /* Data */ = {
			isa = PBXGroup;
			children = (
				14F7D99F3000AA0C0047853B /* DTO */,
				14F7D9A83000AA0C0047853B /* LocalDataSource */,
				14F7D9AB3000AA0C0047853B /* Mappers */,
				14F7D9B03000AA0C0047853B /* Network */,
				14F7D9B33000AA0C0047853B /* Repositories */,
			);
			path = Data;
			sourceTree = "<group>";
		};
		14F7D9CE3000AA300047853B /* Entities */ = {
			isa = PBXGroup;
			children = (
				14F7D9CA3000AA300047853B /* Friend.swift */,
				14F7D9CB3000AA300047853B /* FriendListResult.swift */,
				14F7D9CC3000AA300047853B /* FriendScenario.swift */,
				14F7D9CD3000AA300047853B /* User.swift */,
			);
			path = Entities;
			sourceTree = "<group>";
		};
		14F7D9D33000AA300047853B /* UseCases */ = {
			isa = PBXGroup;
			children = (
				14F7D9CF3000AA300047853B /* FriendMerger.swift */,
				14F7D9D03000AA300047853B /* FriendSorter.swift */,
				14F7D9D13000AA300047853B /* GetFriendListUseCase.swift */,
				14F7D9D23000AA300047853B /* GetUserUseCase.swift */,
			);
			path = UseCases;
			sourceTree = "<group>";
		};
		14F7D9D43000AA300047853B /* Domain */ = {
			isa = PBXGroup;
			children = (
				14F7D9CE3000AA300047853B /* Entities */,
				14F7D9D33000AA300047853B /* UseCases */,
			);
			path = Domain;
			sourceTree = "<group>";
		};
		14F7D9E53000AE420047853B /* Cell */ = {
			isa = PBXGroup;
			children = (
				14F7D9E33000AE420047853B /* FriendCell.swift */,
				14F7D9E43000AE420047853B /* InvitationCell.swift */,
			);
			path = Cell;
			sourceTree = "<group>";
		};
		14F7D9E83000AE420047853B /* ReusableView */ = {
			isa = PBXGroup;
			children = (
				14F7D9E73000AE420047853B /* KKAvatarView.swift */,
			);
			path = ReusableView;
			sourceTree = "<group>";
		};
		14F7D9EE3000AE420047853B /* View */ = {
			isa = PBXGroup;
			children = (
				14F7D9EB3000AE420047853B /* EmptyFriendView.swift */,
				14F7D9EC3000AE420047853B /* FriendListView.swift */,
				14F7D9ED3000AE420047853B /* InvitationHeaderView.swift */,
			);
			path = View;
			sourceTree = "<group>";
		};
		14F7D9F23000AE420047853B /* ViewController */ = {
			isa = PBXGroup;
			children = (
				14F7D9EF3000AE420047853B /* FriendListViewController.swift */,
				14F7D9F03000AE420047853B /* MainTabBarController.swift */,
				14F7D9F13000AE420047853B /* ScenarioViewController.swift */,
			);
			path = ViewController;
			sourceTree = "<group>";
		};
		14F7D9F43000AE420047853B /* ViewModel */ = {
			isa = PBXGroup;
			children = (
				14F7D9F33000AE420047853B /* FriendListViewModel.swift */,
				ABCD00023000AE420047853B /* FriendListViewState.swift */,
			);
			path = ViewModel;
			sourceTree = "<group>";
		};
		14F7D9F53000AE420047853B /* Presentation */ = {
			isa = PBXGroup;
			children = (
				14F7D9E53000AE420047853B /* Cell */,
				14F7D9E83000AE420047853B /* ReusableView */,
				14F7D9EE3000AE420047853B /* View */,
				14F7D9F23000AE420047853B /* ViewController */,
				14F7D9F43000AE420047853B /* ViewModel */,
				ABCD00053000AE420047853B /* Adapter */,
			);
			path = Presentation;
			sourceTree = "<group>";
		};
		14F7DA033000B5180047853B /* Data */ = {
			isa = PBXGroup;
			children = (
				14F7DA003000B5180047853B /* FriendMapperTests.swift */,
				14F7DA013000B5180047853B /* FriendRepositoryTests.swift */,
				14F7DA023000B5180047853B /* UserRepositoryTests.swift */,
			);
			path = Data;
			sourceTree = "<group>";
		};
		14F7DA0B3000B52A0047853B /* Domain */ = {
			isa = PBXGroup;
			children = (
				14F7DA073000B52A0047853B /* FriendMergerTests.swift */,
				14F7DA083000B52A0047853B /* FriendSorterTests.swift */,
				14F7DA093000B52A0047853B /* GetFriendListUseCaseTests.swift */,
				14F7DA0A3000B52A0047853B /* GetUserUseCaseTests.swift */,
			);
			path = Domain;
			sourceTree = "<group>";
		};
		14F7DA123000B53C0047853B /* Mocks */ = {
			isa = PBXGroup;
			children = (
				14F7DA103000B53C0047853B /* MockDataLayer.swift */,
				14F7DA113000B53C0047853B /* MockDomainLayer.swift */,
			);
			path = Mocks;
			sourceTree = "<group>";
		};
		14F7DA163000B54D0047853B /* Presentation */ = {
			isa = PBXGroup;
			children = (
				14F7DA153000B54D0047853B /* FriendListViewModelTests.swift */,
				ABCD00093000B54D0047853B /* FriendTableDataSourceTests.swift */,
			);
			path = Presentation;
			sourceTree = "<group>";
		};
		ABCD00053000AE420047853B /* Adapter */ = {
			isa = PBXGroup;
			children = (
				ABCD00043000AE420047853B /* FriendTableDataSource.swift */,
				ABCD00073000AE420047853B /* FriendTableDelegate.swift */,
			);
			path = Adapter;
			sourceTree = "<group>";
		};
		FF0000000000000000000001 = {
			isa = PBXGroup;
			children = (
				14F7DA183000B59A0047853B /* KOKO.xctestplan */,
				FF0000000000000000000002 /* KOKO */,
				FF000000000000000000000A /* KOKOTests */,
				FF000000000000000000000B /* Products */,
				14F7D9742FFF92750047853B /* Recovered References */,
			);
			sourceTree = "<group>";
		};
		FF0000000000000000000002 /* KOKO */ = {
			isa = PBXGroup;
			children = (
				AA70000000000000000001AA /* AppDelegate.swift */,
				AA70000000000000000002AA /* SceneDelegate.swift */,
				14F7D9F53000AE420047853B /* Presentation */,
				14F7D9D43000AA300047853B /* Domain */,
				14F7D9B43000AA0C0047853B /* Data */,
				FF0000000000000000000005 /* Utils */,
				FF0000000000000000000009 /* Resources */,
			);
			path = KOKO;
			sourceTree = "<group>";
		};
		FF0000000000000000000005 /* Utils */ = {
			isa = PBXGroup;
			children = (
				AA70000000000000000006AA /* DateParser.swift */,
				14F7D9722FFF7A520047853B /* UIColor+KK.swift */,
			);
			path = Utils;
			sourceTree = "<group>";
		};
		FF0000000000000000000009 /* Resources */ = {
			isa = PBXGroup;
			children = (
				AA70000000000000000010AA /* Info.plist */,
				AA70000000000000000011AA /* Assets.xcassets */,
			);
			path = Resources;
			sourceTree = "<group>";
		};
		FF000000000000000000000A /* KOKOTests */ = {
			isa = PBXGroup;
			children = (
				AA70000000000000000013AA /* Info.plist */,
				14F7DA163000B54D0047853B /* Presentation */,
				14F7DA123000B53C0047853B /* Mocks */,
				14F7DA0B3000B52A0047853B /* Domain */,
				14F7DA033000B5180047853B /* Data */,
			);
			path = KOKOTests;
			sourceTree = "<group>";
		};
		FF000000000000000000000B /* Products */ = {
			isa = PBXGroup;
			children = (
				CC0000000000000000000001 /* KOKO.app */,
				CC0000000000000000000002 /* KOKOTests.xctest */,
			);
			name = Products;
			sourceTree = "<group>";
		};
/* End PBXGroup section */

/* Begin PBXNativeTarget section */
		BB0000000000000000000001 /* KOKO */ = {
			isa = PBXNativeTarget;
			buildConfigurationList = AD0000000000000000000002 /* Build configuration list for PBXNativeTarget "KOKO" */;
			buildPhases = (
				AB0000000000000000000001 /* Sources */,
				AB0000000000000000000002 /* Resources */,
				AB0000000000000000000003 /* Frameworks */,
			);
			buildRules = (
			);
			dependencies = (
			);
			name = KOKO;
			productName = KOKO;
			productReference = CC0000000000000000000001 /* KOKO.app */;
			productType = "com.apple.product-type.application";
		};
		BB0000000000000000000002 /* KOKOTests */ = {
			isa = PBXNativeTarget;
			buildConfigurationList = AD0000000000000000000003 /* Build configuration list for PBXNativeTarget "KOKOTests" */;
			buildPhases = (
				AB0000000000000000000004 /* Sources */,
				AB0000000000000000000005 /* Resources */,
				AB0000000000000000000006 /* Frameworks */,
			);
			buildRules = (
			);
			dependencies = (
				AE0000000000000000000001 /* PBXTargetDependency */,
			);
			name = KOKOTests;
			productName = KOKOTests;
			productReference = CC0000000000000000000002 /* KOKOTests.xctest */;
			productType = "com.apple.product-type.bundle.unit-test";
		};
/* End PBXNativeTarget section */

/* Begin PBXProject section */
		AA0000000000000000000001 /* Project object */ = {
			isa = PBXProject;
			attributes = {
				BuildIndependentTargetsInParallel = 1;
				LastSwiftUpdateCheck = 1500;
				LastUpgradeCheck = 1640;
				TargetAttributes = {
					BB0000000000000000000001 = {
						CreatedOnToolsVersion = 15.0;
					};
					BB0000000000000000000002 = {
						CreatedOnToolsVersion = 15.0;
					};
				};
			};
			buildConfigurationList = AD0000000000000000000001 /* Build configuration list for PBXProject "KOKO" */;
			compatibilityVersion = "Xcode 14.0";
			developmentRegion = zh_Hant;
			hasScannedForEncodings = 0;
			knownRegions = (
				zh_Hant,
				en,
				Base,
			);
			mainGroup = FF0000000000000000000001;
			productRefGroup = FF000000000000000000000B /* Products */;
			projectDirPath = "";
			projectRoot = "";
			targets = (
				BB0000000000000000000001 /* KOKO */,
				BB0000000000000000000002 /* KOKOTests */,
			);
		};
/* End PBXProject section */

/* Begin PBXResourcesBuildPhase section */
		AB0000000000000000000002 /* Resources */ = {
			isa = PBXResourcesBuildPhase;
			buildActionMask = 2147483647;
			files = (
				AA80000000000000000010AA /* Assets.xcassets in Resources */,
			);
			runOnlyForDeploymentPostprocessing = 0;
		};
		AB0000000000000000000005 /* Resources */ = {
			isa = PBXResourcesBuildPhase;
			buildActionMask = 2147483647;
			files = (
			);
			runOnlyForDeploymentPostprocessing = 0;
		};
/* End PBXResourcesBuildPhase section */

/* Begin PBXSourcesBuildPhase section */
		AB0000000000000000000001 /* Sources */ = {
			isa = PBXSourcesBuildPhase;
			buildActionMask = 2147483647;
			files = (
				AA80000000000000000001AA /* AppDelegate.swift in Sources */,
				AA80000000000000000002AA /* SceneDelegate.swift in Sources */,
				14F7D9B53000AA0C0047853B /* FriendMapper.swift in Sources */,
				14F7D9D53000AA300047853B /* GetFriendListUseCase.swift in Sources */,
				14F7D9D63000AA300047853B /* Friend.swift in Sources */,
				14F7D9F63000AE420047853B /* FriendListView.swift in Sources */,
				14F7D9F73000AE420047853B /* ScenarioViewController.swift in Sources */,
				14F7D9F83000AE420047853B /* FriendListViewController.swift in Sources */,
				14F7D9F93000AE420047853B /* KKAvatarView.swift in Sources */,
				14F7D9FA3000AE420047853B /* InvitationHeaderView.swift in Sources */,
				14F7D9FB3000AE420047853B /* FriendListViewModel.swift in Sources */,
				14F7D9FC3000AE420047853B /* FriendCell.swift in Sources */,
				14F7D9FD3000AE420047853B /* MainTabBarController.swift in Sources */,
				14F7D9FE3000AE420047853B /* EmptyFriendView.swift in Sources */,
				14F7D9FF3000AE420047853B /* InvitationCell.swift in Sources */,
				14F7D9D73000AA300047853B /* FriendSorter.swift in Sources */,
				14F7D9D83000AA300047853B /* GetUserUseCase.swift in Sources */,
				14F7D9D93000AA300047853B /* User.swift in Sources */,
				14F7D9DA3000AA300047853B /* FriendMerger.swift in Sources */,
				14F7D9DB3000AA300047853B /* FriendScenario.swift in Sources */,
				14F7D9DC3000AA300047853B /* FriendListResult.swift in Sources */,
				14F7D9B63000AA0C0047853B /* APIClient.swift in Sources */,
				14F7D9B83000AA0C0047853B /* UserMapper.swift in Sources */,
				14F7D9BC3000AA0C0047853B /* FriendCoreData.swift in Sources */,
				14F7D9BE3000AA0C0047853B /* FriendDTO.swift in Sources */,
				14F7D9C03000AA0C0047853B /* UserAPI.swift in Sources */,
				14F7D9C13000AA0C0047853B /* UserCoreData.swift in Sources */,
				14F7D9C23000AA0C0047853B /* FriendRepository.swift in Sources */,
				14F7D9C33000AA0C0047853B /* FriendCacheKey.swift in Sources */,
				14F7D9C43000AA0C0047853B /* UserRepository.swift in Sources */,
				14F7D9C63000AA0C0047853B /* FriendAPI.swift in Sources */,
				14F7D9C73000AA0C0047853B /* Endpoint.swift in Sources */,
				14F7D9C83000AA0C0047853B /* CoreDataManager.swift in Sources */,
				14F7D9C93000AA0C0047853B /* UserDTO.swift in Sources */,
				14F7D9732FFF7A520047853B /* UIColor+KK.swift in Sources */,
				AA80000000000000000006AA /* DateParser.swift in Sources */,
				ABCD00013000AE420047853B /* FriendListViewState.swift in Sources */,
				ABCD00033000AE420047853B /* FriendTableDataSource.swift in Sources */,
				ABCD00063000AE420047853B /* FriendTableDelegate.swift in Sources */,
			);
			runOnlyForDeploymentPostprocessing = 0;
		};
		AB0000000000000000000004 /* Sources */ = {
			isa = PBXSourcesBuildPhase;
			buildActionMask = 2147483647;
			files = (
				14F7DA0C3000B52A0047853B /* GetFriendListUseCaseTests.swift in Sources */,
				14F7DA0D3000B52A0047853B /* FriendMergerTests.swift in Sources */,
				14F7DA0E3000B52A0047853B /* GetUserUseCaseTests.swift in Sources */,
				14F7DA0F3000B52A0047853B /* FriendSorterTests.swift in Sources */,
				14F7DA043000B5180047853B /* FriendMapperTests.swift in Sources */,
				14F7DA053000B5180047853B /* FriendRepositoryTests.swift in Sources */,
				14F7DA133000B53C0047853B /* MockDomainLayer.swift in Sources */,
				14F7DA143000B53C0047853B /* MockDataLayer.swift in Sources */,
				14F7DA173000B54D0047853B /* FriendListViewModelTests.swift in Sources */,
				ABCD00083000B54D0047853B /* FriendTableDataSourceTests.swift in Sources */,
				14F7DA063000B5180047853B /* UserRepositoryTests.swift in Sources */,
			);
			runOnlyForDeploymentPostprocessing = 0;
		};
/* End PBXSourcesBuildPhase section */

/* Begin PBXTargetDependency section */
		AE0000000000000000000001 /* PBXTargetDependency */ = {
			isa = PBXTargetDependency;
			target = BB0000000000000000000001 /* KOKO */;
			targetProxy = AE0000000000000000000002 /* PBXContainerItemProxy */;
		};
/* End PBXTargetDependency section */

/* Begin XCBuildConfiguration section */
		AC0000000000000000000001 /* Debug */ = {
			isa = XCBuildConfiguration;
			buildSettings = {
				ALWAYS_SEARCH_USER_PATHS = NO;
				ASSETCATALOG_COMPILER_GENERATE_SWIFT_ASSET_SYMBOL_EXTENSIONS = YES;
				CLANG_ANALYZER_LOCALIZABILITY_NONLOCALIZED = YES;
				CLANG_ANALYZER_NONNULL = YES;
				CLANG_ANALYZER_NUMBER_OBJECT_CONVERSION = YES_AGGRESSIVE;
				CLANG_CXX_LANGUAGE_STANDARD = "gnu++20";
				CLANG_ENABLE_MODULES = YES;
				CLANG_ENABLE_OBJC_ARC = YES;
				CLANG_ENABLE_OBJC_WEAK = YES;
				CLANG_WARN_BLOCK_CAPTURE_AUTORELEASING = YES;
				CLANG_WARN_BOOL_CONVERSION = YES;
				CLANG_WARN_COMMA = YES;
				CLANG_WARN_CONSTANT_CONVERSION = YES;
				CLANG_WARN_DEPRECATED_OBJC_IMPLEMENTATIONS = YES;
				CLANG_WARN_DIRECT_OBJC_ISA_USAGE = YES_ERROR;
				CLANG_WARN_DOCUMENTATION_COMMENTS = YES;
				CLANG_WARN_EMPTY_BODY = YES;
				CLANG_WARN_ENUM_CONVERSION = YES;
				CLANG_WARN_INFINITE_RECURSION = YES;
				CLANG_WARN_INT_CONVERSION = YES;
				CLANG_WARN_NON_LITERAL_NULL_CONVERSION = YES;
				CLANG_WARN_OBJC_IMPLICIT_RETAIN_CYCLE = YES;
				CLANG_WARN_OBJC_IMPLICIT_RETAIN_SELF = YES;
				CLANG_WARN_OBJC_LITERAL_CONVERSION = YES;
				CLANG_WARN_OBJC_ROOT_CLASS = YES_ERROR;
				CLANG_WARN_QUOTED_INCLUDE_IN_FRAMEWORK_HEADER = YES;
				CLANG_WARN_RANGE_LOOP_ANALYSIS = YES;
				CLANG_WARN_STRICT_PROTOTYPES = YES;
				CLANG_WARN_SUSPICIOUS_MOVE = YES;
				CLANG_WARN_UNGUARDED_AVAILABILITY = YES_AGGRESSIVE;
				CLANG_WARN_UNREACHABLE_CODE = YES;
				CLANG_WARN__DUPLICATE_METHOD_MATCH = YES;
				COPY_PHASE_STRIP = NO;
				DEBUG_INFORMATION_FORMAT = dwarf;
				ENABLE_STRICT_OBJC_MSGSEND = YES;
				ENABLE_TESTABILITY = YES;
				ENABLE_USER_SCRIPT_SANDBOXING = YES;
				GCC_C_LANGUAGE_STANDARD = gnu17;
				GCC_DYNAMIC_NO_PIC = NO;
				GCC_NO_COMMON_BLOCKS = YES;
				GCC_OPTIMIZATION_LEVEL = 0;
				GCC_PREPROCESSOR_DEFINITIONS = (
					"DEBUG=1",
					"$(inherited)",
				);
				GCC_WARN_64_TO_32_BIT_CONVERSION = YES;
				GCC_WARN_ABOUT_RETURN_TYPE = YES_ERROR;
				GCC_WARN_UNDECLARED_SELECTOR = YES;
				GCC_WARN_UNINITIALIZED_AUTOS = YES_AGGRESSIVE;
				GCC_WARN_UNUSED_FUNCTION = YES;
				GCC_WARN_UNUSED_VARIABLE = YES;
				IPHONEOS_DEPLOYMENT_TARGET = 14.0;
				MTL_ENABLE_DEBUG_INFO = INCLUDE_SOURCE;
				MTL_FAST_MATH = YES;
				ONLY_ACTIVE_ARCH = YES;
				SDKROOT = iphoneos;
				SWIFT_ACTIVE_COMPILATION_CONDITIONS = DEBUG;
				SWIFT_OPTIMIZATION_LEVEL = "-Onone";
			};
			name = Debug;
		};
		AC0000000000000000000002 /* Release */ = {
			isa = XCBuildConfiguration;
			buildSettings = {
				ALWAYS_SEARCH_USER_PATHS = NO;
				ASSETCATALOG_COMPILER_GENERATE_SWIFT_ASSET_SYMBOL_EXTENSIONS = YES;
				CLANG_ANALYZER_LOCALIZABILITY_NONLOCALIZED = YES;
				CLANG_ANALYZER_NONNULL = YES;
				CLANG_ANALYZER_NUMBER_OBJECT_CONVERSION = YES_AGGRESSIVE;
				CLANG_CXX_LANGUAGE_STANDARD = "gnu++20";
				CLANG_ENABLE_MODULES = YES;
				CLANG_ENABLE_OBJC_ARC = YES;
				CLANG_ENABLE_OBJC_WEAK = YES;
				CLANG_WARN_BLOCK_CAPTURE_AUTORELEASING = YES;
				CLANG_WARN_BOOL_CONVERSION = YES;
				CLANG_WARN_COMMA = YES;
				CLANG_WARN_CONSTANT_CONVERSION = YES;
				CLANG_WARN_DEPRECATED_OBJC_IMPLEMENTATIONS = YES;
				CLANG_WARN_DIRECT_OBJC_ISA_USAGE = YES_ERROR;
				CLANG_WARN_DOCUMENTATION_COMMENTS = YES;
				CLANG_WARN_EMPTY_BODY = YES;
				CLANG_WARN_ENUM_CONVERSION = YES;
				CLANG_WARN_INFINITE_RECURSION = YES;
				CLANG_WARN_INT_CONVERSION = YES;
				CLANG_WARN_NON_LITERAL_NULL_CONVERSION = YES;
				CLANG_WARN_OBJC_IMPLICIT_RETAIN_CYCLE = YES;
				CLANG_WARN_OBJC_IMPLICIT_RETAIN_SELF = YES;
				CLANG_WARN_OBJC_LITERAL_CONVERSION = YES;
				CLANG_WARN_OBJC_ROOT_CLASS = YES_ERROR;
				CLANG_WARN_QUOTED_INCLUDE_IN_FRAMEWORK_HEADER = YES;
				CLANG_WARN_RANGE_LOOP_ANALYSIS = YES;
				CLANG_WARN_STRICT_PROTOTYPES = YES;
				CLANG_WARN_SUSPICIOUS_MOVE = YES;
				CLANG_WARN_UNGUARDED_AVAILABILITY = YES_AGGRESSIVE;
				CLANG_WARN_UNREACHABLE_CODE = YES;
				CLANG_WARN__DUPLICATE_METHOD_MATCH = YES;
				COPY_PHASE_STRIP = NO;
				DEBUG_INFORMATION_FORMAT = "dwarf-with-dsym";
				ENABLE_NS_ASSERTIONS = NO;
				ENABLE_STRICT_OBJC_MSGSEND = YES;
				ENABLE_USER_SCRIPT_SANDBOXING = YES;
				GCC_C_LANGUAGE_STANDARD = gnu17;
				GCC_NO_COMMON_BLOCKS = YES;
				GCC_WARN_64_TO_32_BIT_CONVERSION = YES;
				GCC_WARN_ABOUT_RETURN_TYPE = YES_ERROR;
				GCC_WARN_UNDECLARED_SELECTOR = YES;
				GCC_WARN_UNINITIALIZED_AUTOS = YES_AGGRESSIVE;
				GCC_WARN_UNUSED_FUNCTION = YES;
				GCC_WARN_UNUSED_VARIABLE = YES;
				IPHONEOS_DEPLOYMENT_TARGET = 14.0;
				MTL_FAST_MATH = YES;
				SDKROOT = iphoneos;
				SWIFT_COMPILATION_MODE = wholemodule;
				VALIDATE_PRODUCT = YES;
			};
			name = Release;
		};
		AC0000000000000000000003 /* Debug */ = {
			isa = XCBuildConfiguration;
			buildSettings = {
				ASSETCATALOG_COMPILER_APPICON_NAME = AppIcon;
				ASSETCATALOG_COMPILER_GLOBAL_ACCENT_COLOR_NAME = AccentColor;
				CODE_SIGN_IDENTITY = "Apple Development";
				CODE_SIGN_STYLE = Automatic;
				CURRENT_PROJECT_VERSION = 1;
				DEVELOPMENT_ASSET_PATHS = "";
				DEVELOPMENT_TEAM = PW5NAYWBLM;
				ENABLE_PREVIEWS = YES;
				GENERATE_INFOPLIST_FILE = NO;
				INFOPLIST_FILE = KOKO/Resources/Info.plist;
				INFOPLIST_KEY_CFBundleDisplayName = KOKO;
				IPHONEOS_DEPLOYMENT_TARGET = 15.6;
				LD_RUNPATH_SEARCH_PATHS = (
					"$(inherited)",
					"@executable_path/Frameworks",
				);
				MARKETING_VERSION = 1.0;
				PRODUCT_BUNDLE_IDENTIFIER = com.koko.ioskoko;
				PRODUCT_NAME = KOKO;
				PROVISIONING_PROFILE_SPECIFIER = "";
				SWIFT_EMIT_LOC_STRINGS = YES;
				SWIFT_VERSION = 5.0;
				TARGETED_DEVICE_FAMILY = "1,2";
			};
			name = Debug;
		};
		AC0000000000000000000004 /* Release */ = {
			isa = XCBuildConfiguration;
			buildSettings = {
				ASSETCATALOG_COMPILER_APPICON_NAME = AppIcon;
				ASSETCATALOG_COMPILER_GLOBAL_ACCENT_COLOR_NAME = AccentColor;
				CODE_SIGN_IDENTITY = "Apple Development";
				CODE_SIGN_STYLE = Automatic;
				CURRENT_PROJECT_VERSION = 1;
				DEVELOPMENT_ASSET_PATHS = "";
				DEVELOPMENT_TEAM = PW5NAYWBLM;
				ENABLE_PREVIEWS = YES;
				GENERATE_INFOPLIST_FILE = NO;
				INFOPLIST_FILE = KOKO/Resources/Info.plist;
				INFOPLIST_KEY_CFBundleDisplayName = KOKO;
				IPHONEOS_DEPLOYMENT_TARGET = 15.6;
				LD_RUNPATH_SEARCH_PATHS = (
					"$(inherited)",
					"@executable_path/Frameworks",
				);
				MARKETING_VERSION = 1.0;
				PRODUCT_BUNDLE_IDENTIFIER = com.koko.ioskoko;
				PRODUCT_NAME = KOKO;
				PROVISIONING_PROFILE_SPECIFIER = "";
				SWIFT_EMIT_LOC_STRINGS = YES;
				SWIFT_VERSION = 5.0;
				TARGETED_DEVICE_FAMILY = "1,2";
			};
			name = Release;
		};
		AC0000000000000000000005 /* Debug */ = {
			isa = XCBuildConfiguration;
			buildSettings = {
				BUNDLE_LOADER = "$(TEST_HOST)";
				CODE_SIGN_STYLE = Automatic;
				CURRENT_PROJECT_VERSION = 1;
				DEVELOPMENT_TEAM = PW5NAYWBLM;
				GENERATE_INFOPLIST_FILE = NO;
				INFOPLIST_FILE = KOKOTests/Info.plist;
				IPHONEOS_DEPLOYMENT_TARGET = 14.0;
				MARKETING_VERSION = 1.0;
				PRODUCT_BUNDLE_IDENTIFIER = com.koko.iosloloTests;
				PRODUCT_NAME = "$(TARGET_NAME)";
				SWIFT_EMIT_LOC_STRINGS = NO;
				SWIFT_VERSION = 5.0;
				TARGETED_DEVICE_FAMILY = "1,2";
				TEST_HOST = "$(BUILT_PRODUCTS_DIR)/KOKO.app/$(BUNDLE_EXECUTABLE_FOLDER_PATH)/KOKO";
			};
			name = Debug;
		};
		AC0000000000000000000006 /* Release */ = {
			isa = XCBuildConfiguration;
			buildSettings = {
				BUNDLE_LOADER = "$(TEST_HOST)";
				CODE_SIGN_STYLE = Automatic;
				CURRENT_PROJECT_VERSION = 1;
				DEVELOPMENT_TEAM = PW5NAYWBLM;
				GENERATE_INFOPLIST_FILE = NO;
				INFOPLIST_FILE = KOKOTests/Info.plist;
				IPHONEOS_DEPLOYMENT_TARGET = 14.0;
				MARKETING_VERSION = 1.0;
				PRODUCT_BUNDLE_IDENTIFIER = com.koko.iosloloTests;
				PRODUCT_NAME = "$(TARGET_NAME)";
				SWIFT_EMIT_LOC_STRINGS = NO;
				SWIFT_VERSION = 5.0;
				TARGETED_DEVICE_FAMILY = "1,2";
				TEST_HOST = "$(BUILT_PRODUCTS_DIR)/KOKO.app/$(BUNDLE_EXECUTABLE_FOLDER_PATH)/KOKO";
			};
			name = Release;
		};
/* End XCBuildConfiguration section */

/* Begin XCConfigurationList section */
		AD0000000000000000000001 /* Build configuration list for PBXProject "KOKO" */ = {
			isa = XCConfigurationList;
			buildConfigurations = (
				AC0000000000000000000001 /* Debug */,
				AC0000000000000000000002 /* Release */,
			);
			defaultConfigurationIsVisible = 0;
			defaultConfigurationName = Release;
		};
		AD0000000000000000000002 /* Build configuration list for PBXNativeTarget "KOKO" */ = {
			isa = XCConfigurationList;
			buildConfigurations = (
				AC0000000000000000000003 /* Debug */,
				AC0000000000000000000004 /* Release */,
			);
			defaultConfigurationIsVisible = 0;
			defaultConfigurationName = Release;
		};
		AD0000000000000000000003 /* Build configuration list for PBXNativeTarget "KOKOTests" */ = {
			isa = XCConfigurationList;
			buildConfigurations = (
				AC0000000000000000000005 /* Debug */,
				AC0000000000000000000006 /* Release */,
			);
			defaultConfigurationIsVisible = 0;
			defaultConfigurationName = Release;
		};
/* End XCConfigurationList section */
	};
	rootObject = AA0000000000000000000001 /* Project object */;
}
